
Microsoft Visual Studio Solution File, Format Version 12.00
# Visual Studio for Mac
Project("{FAE04EC0-301F-11D3-BF4B-00C04F79EFBC}") = "Assembly-CSharp", "Assembly-CSharp.csproj", "{D0BDD0B5-97BC-361E-C063-13C9ADC4FFFE}"
EndProject
Global
	GlobalSection(SolutionConfigurationPlatforms) = preSolution
		Debug|Any CPU = Debug|Any CPU
		Release|Any CPU = Release|Any CPU
	EndGlobalSection
	GlobalSection(ProjectConfigurationPlatforms) = postSolution
		{D0BDD0B5-97BC-361E-C063-13C9ADC4FFFE}.Debug|Any CPU.ActiveCfg = Debug|Any CPU
		{D0BDD0B5-97BC-361E-C063-13C9ADC4FFFE}.Debug|Any CPU.Build.0 = Debug|Any CPU
		{D0BDD0B5-97BC-361E-C063-13C9ADC4FFFE}.Release|Any CPU.ActiveCfg = Release|Any CPU
		{D0BDD0B5-97BC-361E-C063-13C9ADC4FFFE}.Release|Any CPU.Build.0 = Release|Any CPU
	EndGlobalSection
	GlobalSection(SolutionProperties) = preSolution
		HideSolutionNode = FALSE
	EndGlobalSection
EndGlobal
